
Microsoft Visual Studio Solution File, Format Version 12.00
# Visual Studio Version 17
VisualStudioVersion = 17.11.35303.130
MinimumVisualStudioVersion = 10.0.40219.1
Project("{FAE04EC0-301F-11D3-BF4B-00C04F79EFBC}") = "common", "Common\common.csproj", "{A476BD7C-05A9-41EA-9A09-1118E4C2A85E}"
EndProject
Project("{FAE04EC0-301F-11D3-BF4B-00C04F79EFBC}") = "time-keeper", "time-keeper\time-keeper.csproj", "{63FF5E6F-D95E-4E17-98DD-94C08734396C}"
EndProject
Global
	GlobalSection(SolutionConfigurationPlatforms) = preSolution
		Debug|Any CPU = Debug|Any CPU
		Release|Any CPU = Release|Any CPU
	EndGlobalSection
	GlobalSection(ProjectConfigurationPlatforms) = postSolution
		{A476BD7C-05A9-41EA-9A09-1118E4C2A85E}.Debug|Any CPU.ActiveCfg = Debug|Any CPU
		{A476BD7C-05A9-41EA-9A09-1118E4C2A85E}.Debug|Any CPU.Build.0 = Debug|Any CPU
		{A476BD7C-05A9-41EA-9A09-1118E4C2A85E}.Release|Any CPU.ActiveCfg = Release|Any CPU
		{A476BD7C-05A9-41EA-9A09-1118E4C2A85E}.Release|Any CPU.Build.0 = Release|Any CPU
		{63FF5E6F-D95E-4E17-98DD-94C08734396C}.Debug|Any CPU.ActiveCfg = Debug|Any CPU
		{63FF5E6F-D95E-4E17-98DD-94C08734396C}.Debug|Any CPU.Build.0 = Debug|Any CPU
		{63FF5E6F-D95E-4E17-98DD-94C08734396C}.Release|Any CPU.ActiveCfg = Release|Any CPU
		{63FF5E6F-D95E-4E17-98DD-94C08734396C}.Release|Any CPU.Build.0 = Release|Any CPU
	EndGlobalSection
	GlobalSection(SolutionProperties) = preSolution
		HideSolutionNode = FALSE
	EndGlobalSection
	GlobalSection(ExtensibilityGlobals) = postSolution
		SolutionGuid = {DA5791C9-A334-40FC-89AC-8A93DD600816}
	EndGlobalSection
EndGlobal
